
Microsoft Visual Studio Solution File, Format Version 12.00
# Visual Studio 15
VisualStudioVersion = 15.0.28307.168
MinimumVisualStudioVersion = 10.0.40219.1
Project("{9A19103F-16F7-4668-BE54-9A1E7A4F7556}") = "blog", "blog\blog.csproj", "{C0F61132-4ACD-4360-821F-1F6FDC419B2E}"
EndProject
Global
	GlobalSection(SolutionConfigurationPlatforms) = preSolution
		Debug|Any CPU = Debug|Any CPU
		Release|Any CPU = Release|Any CPU
	EndGlobalSection
	GlobalSection(ProjectConfigurationPlatforms) = postSolution
		{C0F61132-4ACD-4360-821F-1F6FDC419B2E}.Debug|Any CPU.ActiveCfg = Debug|Any CPU
		{C0F61132-4ACD-4360-821F-1F6FDC419B2E}.Debug|Any CPU.Build.0 = Debug|Any CPU
		{C0F61132-4ACD-4360-821F-1F6FDC419B2E}.Release|Any CPU.ActiveCfg = Release|Any CPU
		{C0F61132-4ACD-4360-821F-1F6FDC419B2E}.Release|Any CPU.Build.0 = Release|Any CPU
	EndGlobalSection
	GlobalSection(SolutionProperties) = preSolution
		HideSolutionNode = FALSE
	EndGlobalSection
	GlobalSection(ExtensibilityGlobals) = postSolution
		SolutionGuid = {A2643EB5-B032-4EF9-84A6-0FD77EF1D186}
	EndGlobalSection
EndGlobal
